
Microsoft Visual Studio Solution File, Format Version 12.00
# Visual Studio Version 17
VisualStudioVersion = 17.2.32630.192
MinimumVisualStudioVersion = 10.0.40219.1
Project("{FAE04EC0-301F-11D3-BF4B-00C04F79EFBC}") = "Fasetto.Word", "Fasetto.Word\Fasetto.Word.csproj", "{610B07E1-60B3-4465-9F14-2972C69728D1}"
EndProject
Global
	GlobalSection(SolutionConfigurationPlatforms) = preSolution
		Debug|Any CPU = Debug|Any CPU
		Release|Any CPU = Release|Any CPU
	EndGlobalSection
	GlobalSection(ProjectConfigurationPlatforms) = postSolution
		{610B07E1-60B3-4465-9F14-2972C69728D1}.Debug|Any CPU.ActiveCfg = Debug|Any CPU
		{610B07E1-60B3-4465-9F14-2972C69728D1}.Debug|Any CPU.Build.0 = Debug|Any CPU
		{610B07E1-60B3-4465-9F14-2972C69728D1}.Release|Any CPU.ActiveCfg = Release|Any CPU
		{610B07E1-60B3-4465-9F14-2972C69728D1}.Release|Any CPU.Build.0 = Release|Any CPU
	EndGlobalSection
	GlobalSection(SolutionProperties) = preSolution
		HideSolutionNode = FALSE
	EndGlobalSection
	GlobalSection(ExtensibilityGlobals) = postSolution
		SolutionGuid = {B5985035-72A2-4A5F-871D-F6AA6B4B3764}
	EndGlobalSection
EndGlobal
