
Microsoft Visual Studio Solution File, Format Version 12.00
# Visual Studio Version 17
VisualStudioVersion = 17.2.32630.192
MinimumVisualStudioVersion = 10.0.40219.1
Project("{FAE04EC0-301F-11D3-BF4B-00C04F79EFBC}") = "Fasetto Word", "Fasetto Word\Fasetto Word.csproj", "{974AD2B5-E584-4E78-9BC1-8DE805956842}"
EndProject
Global
	GlobalSection(SolutionConfigurationPlatforms) = preSolution
		Debug|Any CPU = Debug|Any CPU
		Release|Any CPU = Release|Any CPU
	EndGlobalSection
	GlobalSection(ProjectConfigurationPlatforms) = postSolution
		{974AD2B5-E584-4E78-9BC1-8DE805956842}.Debug|Any CPU.ActiveCfg = Debug|Any CPU
		{974AD2B5-E584-4E78-9BC1-8DE805956842}.Debug|Any CPU.Build.0 = Debug|Any CPU
		{974AD2B5-E584-4E78-9BC1-8DE805956842}.Release|Any CPU.ActiveCfg = Release|Any CPU
		{974AD2B5-E584-4E78-9BC1-8DE805956842}.Release|Any CPU.Build.0 = Release|Any CPU
	EndGlobalSection
	GlobalSection(SolutionProperties) = preSolution
		HideSolutionNode = FALSE
	EndGlobalSection
	GlobalSection(ExtensibilityGlobals) = postSolution
		SolutionGuid = {56E47FD9-0F1A-4BCE-A445-7A188348DAFD}
	EndGlobalSection
EndGlobal
